<?xml version="1.0" encoding="utf-8"?>
<Project ToolsVersion="4.0" xmlns="http://schemas.microsoft.com/developer/msbuild/2003">
  <ItemGroup>
    <Filter Include="Quelldateien">
      <UniqueIdentifier>{4FC737F1-C7A5-4376-A066-2A32D752A2FF}</UniqueIdentifier>
      <Extensions>cpp;c;cc;cxx;def;odl;idl;hpj;bat;asm;asmx</Extensions>
    </Filter>
    <Filter Include="Headerdateien">
      <UniqueIdentifier>{93995380-89BD-4b04-88EB-625FBE52EBFB}</UniqueIdentifier>
      <Extensions>h;hpp;hxx;hm;inl;inc;xsd</Extensions>
    </Filter>
  </ItemGroup>
  <ItemGroup>
    <ClCompile Include="autocorrelation.c">
      <Filter>Quelldateien</Filter>
    </ClCompile>
    <ClCompile Include="correlation2Lsfs.c">
      <Filter>Quelldateien</Filter>
    </ClCompile>
    <ClCompile Include="FIR.c">
      <Filter>Quelldateien</Filter>
    </ClCompile>
    <ClCompile Include="IIR.c">
      <Filter>Quelldateien</Filter>
    </ClCompile>
    <ClCompile Include="lpcref.c">
      <Filter>Quelldateien</Filter>
    </ClCompile>
    <ClCompile Include="lsflpcUtils.c">
      <Filter>Quelldateien</Filter>
    </ClCompile>
    <ClCompile Include="LTP.c">
      <Filter>Quelldateien</Filter>
    </ClCompile>
    <ClCompile Include="reflar.c">
      <Filter>Quelldateien</Filter>
    </ClCompile>
    <ClCompile Include="signalUtils.c">
      <Filter>Quelldateien</Filter>
    </ClCompile>
    <ClCompile Include="speech2Lsf.c">
      <Filter>Quelldateien</Filter>
    </ClCompile>
  </ItemGroup>
  <ItemGroup>
    <ClInclude Include="autocorrelation.h">
      <Filter>Headerdateien</Filter>
    </ClInclude>
    <ClInclude Include="correlation2Lsfs.h">
      <Filter>Headerdateien</Filter>
    </ClInclude>
    <ClInclude Include="FIR.h">
      <Filter>Headerdateien</Filter>
    </ClInclude>
    <ClInclude Include="IIR.h">
      <Filter>Headerdateien</Filter>
    </ClInclude>
    <ClInclude Include="lpcref.h">
      <Filter>Headerdateien</Filter>
    </ClInclude>
    <ClInclude Include="lsflpcUtils.h">
      <Filter>Headerdateien</Filter>
    </ClInclude>
    <ClInclude Include="LTP.h">
      <Filter>Headerdateien</Filter>
    </ClInclude>
    <ClInclude Include="reflar.h">
      <Filter>Headerdateien</Filter>
    </ClInclude>
    <ClInclude Include="signalUtils.h">
      <Filter>Headerdateien</Filter>
    </ClInclude>
    <ClInclude Include="speech2Lsf.h">
      <Filter>Headerdateien</Filter>
    </ClInclude>
  </ItemGroup>
</Project>